
Microsoft Visual Studio Solution File, Format Version 12.00
# Visual Studio Version 17
VisualStudioVersion = 17.14.36804.6 d17.14
MinimumVisualStudioVersion = 10.0.40219.1
Project("{FAE04EC0-301F-11D3-BF4B-00C04F79EFBC}") = "ImageCropDemo", "ImageCropDemo.csproj", "{88B38296-5661-4CE2-8F3F-38A619FF26B1}"
EndProject
Global
	GlobalSection(SolutionConfigurationPlatforms) = preSolution
		Debug|Any CPU = Debug|Any CPU
		Release|Any CPU = Release|Any CPU
	EndGlobalSection
	GlobalSection(ProjectConfigurationPlatforms) = postSolution
		{88B38296-5661-4CE2-8F3F-38A619FF26B1}.Debug|Any CPU.ActiveCfg = Debug|Any CPU
		{88B38296-5661-4CE2-8F3F-38A619FF26B1}.Debug|Any CPU.Build.0 = Debug|Any CPU
		{88B38296-5661-4CE2-8F3F-38A619FF26B1}.Release|Any CPU.ActiveCfg = Release|Any CPU
		{88B38296-5661-4CE2-8F3F-38A619FF26B1}.Release|Any CPU.Build.0 = Release|Any CPU
	EndGlobalSection
	GlobalSection(SolutionProperties) = preSolution
		HideSolutionNode = FALSE
	EndGlobalSection
	GlobalSection(ExtensibilityGlobals) = postSolution
		SolutionGuid = {A5FE3DE6-2252-4621-A202-439FD2247B37}
	EndGlobalSection
EndGlobal
